// !$*UTF8*$!
{
	archiveVersion = 1;
	classes = {
	};
	objectVersion = 46;
	objects = {

/* Begin PBXBuildFile section */
		90299F7F1A950C7800DD8631 /* AppDelegate.swift in Sources */ = {isa = PBXBuildFile; fileRef = 90299F7E1A950C7800DD8631 /* AppDelegate.swift */; };
		90299F811A950C7800DD8631 /* Images.xcassets in Resources */ = {isa = PBXBuildFile; fileRef = 90299F801A950C7800DD8631 /* Images.xcassets */; };
		90299F841A950C7800DD8631 /* MainMenu.xib in Resources */ = {isa = PBXBuildFile; fileRef = 90299F821A950C7800DD8631 /* MainMenu.xib */; };
		90299F901A950C7800DD8631 /* SwiftProjectATests.swift in Sources */ = {isa = PBXBuildFile; fileRef = 90299F8F1A950C7800DD8631 /* SwiftProjectATests.swift */; };
/* End PBXBuildFile section */

/* Begin PBXContainerItemProxy section */
		90299F8A1A950C7800DD8631 /* PBXContainerItemProxy */ = {
			isa = PBXContainerItemProxy;
			containerPortal = 90299F711A950C7800DD8631 /* Project object */;
			proxyType = 1;
			remoteGlobalIDString = 90299F781A950C7800DD8631;
			remoteInfo = SwiftProjectA;
		};
/* End PBXContainerItemProxy section */

/* Begin PBXFileReference section */
		90299F791A950C7800DD8631 /* SwiftProjectA.app */ = {isa = PBXFileReference; explicitFileType = wrapper.application; includeInIndex = 0; path = SwiftProjectA.app; sourceTree = BUILT_PRODUCTS_DIR; };
		90299F7D1A950C7800DD8631 /* Info.plist */ = {isa = PBXFileReference; lastKnownFileType = text.plist.xml; path = Info.plist; sourceTree = "<group>"; };
		90299F7E1A950C7800DD8631 /* AppDelegate.swift */ = {isa = PBXFileReference; lastKnownFileType = sourcecode.swift; path = AppDelegate.swift; sourceTree = "<group>"; };
		90299F801A950C7800DD8631 /* Images.xcassets */ = {isa = PBXFileReference; lastKnownFileType = folder.assetcatalog; path = Images.xcassets; sourceTree = "<group>"; };
		90299F831A950C7800DD8631 /* Base */ = {isa = PBXFileReference; lastKnownFileType = file.xib; name = Base; path = Base.lproj/MainMenu.xib; sourceTree = "<group>"; };
		90299F891A950C7800DD8631 /* SwiftProjectATests.xctest */ = {isa = PBXFileReference; explicitFileType = wrapper.cfbundle; includeInIndex = 0; path = SwiftProjectATests.xctest; sourceTree = BUILT_PRODUCTS_DIR; };
		90299F8E1A950C7800DD8631 /* Info.plist */ = {isa = PBXFileReference; lastKnownFileType = text.plist.xml; path = Info.plist; sourceTree = "<group>"; };
		90299F8F1A950C7800DD8631 /* SwiftProjectATests.swift */ = {isa = PBXFileReference; lastKnownFileType = sourcecode.swift; path = SwiftProjectATests.swift; sourceTree = "<group>"; };
/* End PBXFileReference section */

/* Begin PBXFrameworksBuildPhase section */
		90299F761A950C7800DD8631 /* Frameworks */ = {
			isa = PBXFrameworksBuildPhase;
			buildActionMask = 2147483647;
			files = (
			);
			runOnlyForDeploymentPostprocessing = 0;
		};
		90299F861A950C7800DD8631 /* Frameworks */ = {
			isa = PBXFrameworksBuildPhase;
			buildActionMask = 2147483647;
			files = (
			);
			runOnlyForDeploymentPostprocessing = 0;
		};
/* End PBXFrameworksBuildPhase section */

/* Begin PBXGroup section */
		90299F701A950C7800DD8631 = {
			isa = PBXGroup;
			children = (
				90299F7B1A950C7800DD8631 /* SwiftProjectA */,
				90299F8C1A950C7800DD8631 /* SwiftProjectATests */,
				90299F7A1A950C7800DD8631 /* Products */,
			);
			sourceTree = "<group>";
		};
		90299F7A1A950C7800DD8631 /* Products */ = {
			isa = PBXGroup;
			children = (
				90299F791A950C7800DD8631 /* SwiftProjectA.app */,
				90299F891A950C7800DD8631 /* SwiftProjectATests.xctest */,
			);
			name = Products;
			sourceTree = "<group>";
		};
		90299F7B1A950C7800DD8631 /* SwiftProjectA */ = {
			isa = PBXGroup;
			children = (
				90299F7E1A950C7800DD8631 /* AppDelegate.swift */,
				90299F801A950C7800DD8631 /* Images.xcassets */,
				90299F821A950C7800DD8631 /* MainMenu.xib */,
				90299F7C1A950C7800DD8631 /* Supporting Files */,
			);
			path = SwiftProjectA;
			sourceTree = "<group>";
		};
		90299F7C1A950C7800DD8631 /* Supporting Files */ = {
			isa = PBXGroup;
			children = (
				90299F7D1A950C7800DD8631 /* Info.plist */,
			);
			name = "Supporting Files";
			sourceTree = "<group>";
		};
		90299F8C1A950C7800DD8631 /* SwiftProjectATests */ = {
			isa = PBXGroup;
			children = (
				90299F8F1A950C7800DD8631 /* SwiftProjectATests.swift */,
				90299F8D1A950C7800DD8631 /* Supporting Files */,
			);
			path = SwiftProjectATests;
			sourceTree = "<group>";
		};
		90299F8D1A950C7800DD8631 /* Supporting Files */ = {
			isa = PBXGroup;
			children = (
				90299F8E1A950C7800DD8631 /* Info.plist */,
			);
			name = "Supporting Files";
			sourceTree = "<group>";
		};
/* End PBXGroup section */

/* Begin PBXNativeTarget section */
		90299F781A950C7800DD8631 /* SwiftProjectA */ = {
			isa = PBXNativeTarget;
			buildConfigurationList = 90299F931A950C7800DD8631 /* Build configuration list for PBXNativeTarget "SwiftProjectA" */;
			buildPhases = (
				90299F751A950C7800DD8631 /* Sources */,
				90299F761A950C7800DD8631 /* Frameworks */,
				90299F771A950C7800DD8631 /* Resources */,
			);
			buildRules = (
			);
			dependencies = (
			);
			name = SwiftProjectA;
			productName = SwiftProjectA;
			productReference = 90299F791A950C7800DD8631 /* SwiftProjectA.app */;
			productType = "com.apple.product-type.application";
		};
		90299F881A950C7800DD8631 /* SwiftProjectATests */ = {
			isa = PBXNativeTarget;
			buildConfigurationList = 90299F961A950C7800DD8631 /* Build configuration list for PBXNativeTarget "SwiftProjectATests" */;
			buildPhases = (
				90299F851A950C7800DD8631 /* Sources */,
				90299F861A950C7800DD8631 /* Frameworks */,
				90299F871A950C7800DD8631 /* Resources */,
			);
			buildRules = (
			);
			dependencies = (
				90299F8B1A950C7800DD8631 /* PBXTargetDependency */,
			);
			name = SwiftProjectATests;
			productName = SwiftProjectATests;
			productReference = 90299F891A950C7800DD8631 /* SwiftProjectATests.xctest */;
			productType = "com.apple.product-type.bundle.unit-test";
		};
/* End PBXNativeTarget section */

/* Begin PBXProject section */
		90299F711A950C7800DD8631 /* Project object */ = {
			isa = PBXProject;
			attributes = {
				LastUpgradeCheck = 0610;
				ORGANIZATIONNAME = "Spelga Software Limited";
				TargetAttributes = {
					90299F781A950C7800DD8631 = {
						CreatedOnToolsVersion = 6.1.1;
					};
					90299F881A950C7800DD8631 = {
						CreatedOnToolsVersion = 6.1.1;
						TestTargetID = 90299F781A950C7800DD8631;
					};
				};
			};
			buildConfigurationList = 90299F741A950C7800DD8631 /* Build configuration list for PBXProject "SwiftProjectA" */;
			compatibilityVersion = "Xcode 3.2";
			developmentRegion = English;
			hasScannedForEncodings = 0;
			knownRegions = (
				en,
				Base,
			);
			mainGroup = 90299F701A950C7800DD8631;
			productRefGroup = 90299F7A1A950C7800DD8631 /* Products */;
			projectDirPath = "";
			projectRoot = "";
			targets = (
				90299F781A950C7800DD8631 /* SwiftProjectA */,
				90299F881A950C7800DD8631 /* SwiftProjectATests */,
			);
		};
/* End PBXProject section */

/* Begin PBXResourcesBuildPhase section */
		90299F771A950C7800DD8631 /* Resources */ = {
			isa = PBXResourcesBuildPhase;
			buildActionMask = 2147483647;
			files = (
				90299F811A950C7800DD8631 /* Images.xcassets in Resources */,
				90299F841A950C7800DD8631 /* MainMenu.xib in Resources */,
			);
			runOnlyForDeploymentPostprocessing = 0;
		};
		90299F871A950C7800DD8631 /* Resources */ = {
			isa = PBXResourcesBuildPhase;
			buildActionMask = 2147483647;
			files = (
			);
			runOnlyForDeploymentPostprocessing = 0;
		};
/* End PBXResourcesBuildPhase section */

/* Begin PBXSourcesBuildPhase section */
		90299F751A950C7800DD8631 /* Sources */ = {
			isa = PBXSourcesBuildPhase;
			buildActionMask = 2147483647;
			files = (
				90299F7F1A950C7800DD8631 /* AppDelegate.swift in Sources */,
			);
			runOnlyForDeploymentPostprocessing = 0;
		};
		90299F851A950C7800DD8631 /* Sources */ = {
			isa = PBXSourcesBuildPhase;
			buildActionMask = 2147483647;
			files = (
				90299F901A950C7800DD8631 /* SwiftProjectATests.swift in Sources */,
			);
			runOnlyForDeploymentPostprocessing = 0;
		};
/* End PBXSourcesBuildPhase section */

/* Begin PBXTargetDependency section */
		90299F8B1A950C7800DD8631 /* PBXTargetDependency */ = {
			isa = PBXTargetDependency;
			target = 90299F781A950C7800DD8631 /* SwiftProjectA */;
			targetProxy = 90299F8A1A950C7800DD8631 /* PBXContainerItemProxy */;
		};
/* End PBXTargetDependency section */

/* Begin PBXVariantGroup section */
		90299F821A950C7800DD8631 /* MainMenu.xib */ = {
			isa = PBXVariantGroup;
			children = (
				90299F831A950C7800DD8631 /* Base */,
			);
			name = MainMenu.xib;
			sourceTree = "<group>";
		};
/* End PBXVariantGroup section */

/* Begin XCBuildConfiguration section */
		90299F911A950C7800DD8631 /* Debug */ = {
			isa = XCBuildConfiguration;
			buildSettings = {
				ALWAYS_SEARCH_USER_PATHS = NO;
				CLANG_CXX_LANGUAGE_STANDARD = "gnu++0x";
				CLANG_CXX_LIBRARY = "libc++";
				CLANG_ENABLE_MODULES = YES;
				CLANG_ENABLE_OBJC_ARC = YES;
				CLANG_WARN_BOOL_CONVERSION = YES;
				CLANG_WARN_CONSTANT_CONVERSION = YES;
				CLANG_WARN_DIRECT_OBJC_ISA_USAGE = YES_ERROR;
				CLANG_WARN_EMPTY_BODY = YES;
				CLANG_WARN_ENUM_CONVERSION = YES;
				CLANG_WARN_INT_CONVERSION = YES;
				CLANG_WARN_OBJC_ROOT_CLASS = YES_ERROR;
				CLANG_WARN_UNREACHABLE_CODE = YES;
				CLANG_WARN__DUPLICATE_METHOD_MATCH = YES;
				CODE_SIGN_IDENTITY = "-";
				COPY_PHASE_STRIP = NO;
				ENABLE_STRICT_OBJC_MSGSEND = YES;
				GCC_C_LANGUAGE_STANDARD = gnu99;
				GCC_DYNAMIC_NO_PIC = NO;
				GCC_OPTIMIZATION_LEVEL = 0;
				GCC_PREPROCESSOR_DEFINITIONS = (
					"DEBUG=1",
					"$(inherited)",
				);
				GCC_SYMBOLS_PRIVATE_EXTERN = NO;
				GCC_WARN_64_TO_32_BIT_CONVERSION = YES;
				GCC_WARN_ABOUT_RETURN_TYPE = YES_ERROR;
				GCC_WARN_UNDECLARED_SELECTOR = YES;
				GCC_WARN_UNINITIALIZED_AUTOS = YES_AGGRESSIVE;
				GCC_WARN_UNUSED_FUNCTION = YES;
				GCC_WARN_UNUSED_VARIABLE = YES;
				MACOSX_DEPLOYMENT_TARGET = 10.9;
				MTL_ENABLE_DEBUG_INFO = YES;
				ONLY_ACTIVE_ARCH = YES;
				SDKROOT = macosx;
				SWIFT_OPTIMIZATION_LEVEL = "-Onone";
			};
			name = Debug;
		};
		90299F921A950C7800DD8631 /* Release */ = {
			isa = XCBuildConfiguration;
			buildSettings = {
				ALWAYS_SEARCH_USER_PATHS = NO;
				CLANG_CXX_LANGUAGE_STANDARD = "gnu++0x";
				CLANG_CXX_LIBRARY = "libc++";
				CLANG_ENABLE_MODULES = YES;
				CLANG_ENABLE_OBJC_ARC = YES;
				CLANG_WARN_BOOL_CONVERSION = YES;
				CLANG_WARN_CONSTANT_CONVERSION = YES;
				CLANG_WARN_DIRECT_OBJC_ISA_USAGE = YES_ERROR;
				CLANG_WARN_EMPTY_BODY = YES;
				CLANG_WARN_ENUM_CONVERSION = YES;
				CLANG_WARN_INT_CONVERSION = YES;
				CLANG_WARN_OBJC_ROOT_CLASS = YES_ERROR;
				CLANG_WARN_UNREACHABLE_CODE = YES;
				CLANG_WARN__DUPLICATE_METHOD_MATCH = YES;
				CODE_SIGN_IDENTITY = "-";
				COPY_PHASE_STRIP = YES;
				DEBUG_INFORMATION_FORMAT = "dwarf-with-dsym";
				ENABLE_NS_ASSERTIONS = NO;
				ENABLE_STRICT_OBJC_MSGSEND = YES;
				GCC_C_LANGUAGE_STANDARD = gnu99;
				GCC_WARN_64_TO_32_BIT_CONVERSION = YES;
				GCC_WARN_ABOUT_RETURN_TYPE = YES_ERROR;
				GCC_WARN_UNDECLARED_SELECTOR = YES;
				GCC_WARN_UNINITIALIZED_AUTOS = YES_AGGRESSIVE;
				GCC_WARN_UNUSED_FUNCTION = YES;
				GCC_WARN_UNUSED_VARIABLE = YES;
				MACOSX_DEPLOYMENT_TARGET = 10.9;
				MTL_ENABLE_DEBUG_INFO = NO;
				SDKROOT = macosx;
			};
			name = Release;
		};
		90299F941A950C7800DD8631 /* Debug */ = {
			isa = XCBuildConfiguration;
			buildSettings = {
				ASSETCATALOG_COMPILER_APPICON_NAME = AppIcon;
				COMBINE_HIDPI_IMAGES = YES;
				INFOPLIST_FILE = SwiftProjectA/Info.plist;
				LD_RUNPATH_SEARCH_PATHS = "$(inherited) @executable_path/../Frameworks";
				PRODUCT_NAME = "$(TARGET_NAME)";
			};
			name = Debug;
		};
		90299F951A950C7800DD8631 /* Release */ = {
			isa = XCBuildConfiguration;
			buildSettings = {
				ASSETCATALOG_COMPILER_APPICON_NAME = AppIcon;
				COMBINE_HIDPI_IMAGES = YES;
				INFOPLIST_FILE = SwiftProjectA/Info.plist;
				LD_RUNPATH_SEARCH_PATHS = "$(inherited) @executable_path/../Frameworks";
				PRODUCT_NAME = "$(TARGET_NAME)";
			};
			name = Release;
		};
		90299F971A950C7800DD8631 /* Debug */ = {
			isa = XCBuildConfiguration;
			buildSettings = {
				BUNDLE_LOADER = "$(TEST_HOST)";
				COMBINE_HIDPI_IMAGES = YES;
				FRAMEWORK_SEARCH_PATHS = (
					"$(DEVELOPER_FRAMEWORKS_DIR)",
					"$(inherited)",
				);
				GCC_PREPROCESSOR_DEFINITIONS = (
					"DEBUG=1",
					"$(inherited)",
				);
				INFOPLIST_FILE = SwiftProjectATests/Info.plist;
				LD_RUNPATH_SEARCH_PATHS = "$(inherited) @executable_path/../Frameworks @loader_path/../Frameworks";
				PRODUCT_NAME = "$(TARGET_NAME)";
				TEST_HOST = "$(BUILT_PRODUCTS_DIR)/SwiftProjectA.app/Contents/MacOS/SwiftProjectA";
			};
			name = Debug;
		};
		90299F981A950C7800DD8631 /* Release */ = {
			isa = XCBuildConfiguration;
			buildSettings = {
				BUNDLE_LOADER = "$(TEST_HOST)";
				COMBINE_HIDPI_IMAGES = YES;
				FRAMEWORK_SEARCH_PATHS = (
					"$(DEVELOPER_FRAMEWORKS_DIR)",
					"$(inherited)",
				);
				INFOPLIST_FILE = SwiftProjectATests/Info.plist;
				LD_RUNPATH_SEARCH_PATHS = "$(inherited) @executable_path/../Frameworks @loader_path/../Frameworks";
				PRODUCT_NAME = "$(TARGET_NAME)";
				TEST_HOST = "$(BUILT_PRODUCTS_DIR)/SwiftProjectA.app/Contents/MacOS/SwiftProjectA";
			};
			name = Release;
		};
/* End XCBuildConfiguration section */

/* Begin XCConfigurationList section */
		90299F741A950C7800DD8631 /* Build configuration list for PBXProject "SwiftProjectA" */ = {
			isa = XCConfigurationList;
			buildConfigurations = (
				90299F911A950C7800DD8631 /* Debug */,
				90299F921A950C7800DD8631 /* Release */,
			);
			defaultConfigurationIsVisible = 0;
			defaultConfigurationName = Release;
		};
		90299F931A950C7800DD8631 /* Build configuration list for PBXNativeTarget "SwiftProjectA" */ = {
			isa = XCConfigurationList;
			buildConfigurations = (
				90299F941A950C7800DD8631 /* Debug */,
				90299F951A950C7800DD8631 /* Release */,
			);
			defaultConfigurationIsVisible = 0;
		};
		90299F961A950C7800DD8631 /* Build configuration list for PBXNativeTarget "SwiftProjectATests" */ = {
			isa = XCConfigurationList;
			buildConfigurations = (
				90299F971A950C7800DD8631 /* Debug */,
				90299F981A950C7800DD8631 /* Release */,
			);
			defaultConfigurationIsVisible = 0;
		};
/* End XCConfigurationList section */
	};
	rootObject = 90299F711A950C7800DD8631 /* Project object */;
}
